{
  "name": "lib",
  "lockfileVersion": 2,
  "requires": true,
  "packages": {
    "": {
      "dependencies": {
        "@thirdweb-dev/contracts": "^3.5.9"
      }
    },
    "node_modules/@thirdweb-dev/contracts": {
      "version": "3.5.9",
      "resolved": "https://registry.npmjs.org/@thirdweb-dev/contracts/-/contracts-3.5.9.tgz",
      "integrity": "sha512-RFKe4qFnqdd2cchuY8appDS5yyEckFV8nL8kE4HqQUKDil6LfQag42fE+cuzqRGTHsSTTfh9L/d84izdVtwzLw=="
    }
  },
  "dependencies": {
    "@thirdweb-dev/contracts": {
      "version": "3.5.9",
      "resolved": "https://registry.npmjs.org/@thirdweb-dev/contracts/-/contracts-3.5.9.tgz",
      "integrity": "sha512-RFKe4qFnqdd2cchuY8appDS5yyEckFV8nL8kE4HqQUKDil6LfQag42fE+cuzqRGTHsSTTfh9L/d84izdVtwzLw=="
    }
  }
}
